{
  "lockfileVersion": 1,
  "workspaces": {
    "": {
      "dependencies": {
        "@rgrove/parse-xml": "^4.2.0",
        "@sinclair/typebox": "latest",
        "jose": "^6.0.10",
      },
      "devDependencies": {
        "@types/bun": "latest",
      },
    },
    "packages/lib": {
      "name": "lib",
    },
    "packages/router": {
      "name": "router",
      "dependencies": {
        "@sinclair/typebox": "latest",
        "reflect-metadata": "latest",
      },
    },
  },
  "packages": {
    "@rgrove/parse-xml": ["@rgrove/parse-xml@4.2.0", "", {}, "sha512-UuBOt7BOsKVOkFXRe4Ypd/lADuNIfqJXv8GvHqtXaTYXPPKkj2nS2zPllVsrtRjcomDhIJVBnZwfmlI222WH8g=="],

    "@sinclair/typebox": ["@sinclair/typebox@0.34.33", "", {}, "sha512-5HAV9exOMcXRUxo+9iYB5n09XxzCXnfy4VTNW4xnDv+FgjzAGY989C28BIdljKqmF+ZltUwujE3aossvcVtq6g=="],

    "@types/bun": ["@types/bun@1.2.10", "", { "dependencies": { "bun-types": "1.2.10" } }, "sha512-eilv6WFM3M0c9ztJt7/g80BDusK98z/FrFwseZgT4bXCq2vPhXD4z8R3oddmAn+R/Nmz9vBn4kweJKmGTZj+lg=="],

    "@types/node": ["@types/node@22.10.10", "", { "dependencies": { "undici-types": "~6.20.0" } }, "sha512-X47y/mPNzxviAGY5TcYPtYL8JsY3kAq2n8fMmKoRCxq/c4v4pyGNCzM2R6+M5/umG4ZfHuT+sgqDYqWc9rJ6ww=="],

    "bun-types": ["bun-types@1.2.10", "", { "dependencies": { "@types/node": "*" } }, "sha512-b5ITZMnVdf3m1gMvJHG+gIfeJHiQPJak0f7925Hxu6ZN5VKA8AGy4GZ4lM+Xkn6jtWxg5S3ldWvfmXdvnkp3GQ=="],

    "jose": ["jose@6.0.10", "", {}, "sha512-skIAxZqcMkOrSwjJvplIPYrlXGpxTPnro2/QWTDCxAdWQrSTV5/KqspMWmi5WAx5+ULswASJiZ0a+1B/Lxt9cw=="],

    "lib": ["lib@workspace:packages/lib"],

    "reflect-metadata": ["reflect-metadata@0.2.2", "", {}, "sha512-urBwgfrvVP/eAyXx4hluJivBKzuEbSQs9rKWCrCkbSxNv8mxPcUZKeuoF3Uy4mJl3Lwprp6yy5/39VWigZ4K6Q=="],

    "router": ["router@workspace:packages/router"],

    "undici-types": ["undici-types@6.20.0", "", {}, "sha512-Ny6QZ2Nju20vw1SRHe3d9jVu6gJ+4e3+MMpqu7pqE5HT6WsTSlce++GQmK5UXS8mzV8DSYHrQH+Xrf2jVcuKNg=="],
  }
}
